
Microsoft Visual Studio Solution File, Format Version 11.00
# Visual Studio 2010
Project("{FAE04EC0-301F-11D3-BF4B-00C04F79EFBC}") = "helloMono", "helloMono\helloMono.csproj", "{B7067F68-F73E-4920-8607-CAFB6D3F86DB}"
EndProject
Project("{FAE04EC0-301F-11D3-BF4B-00C04F79EFBC}") = "p06", "p6\p06.csproj", "{33C409CB-1B1D-4CAD-B7CE-AC33B9CBF00F}"
EndProject
Project("{FAE04EC0-301F-11D3-BF4B-00C04F79EFBC}") = "p07", "p7\p07.csproj", "{2AD62114-0773-4AC9-BCCD-0F644BADE0F6}"
EndProject
Project("{FAE04EC0-301F-11D3-BF4B-00C04F79EFBC}") = "p08,09", "p8,9\p08,09.csproj", "{C50FF28C-AD63-4094-A86C-C5F0CF98F548}"
EndProject
Project("{FAE04EC0-301F-11D3-BF4B-00C04F79EFBC}") = "p10", "p10\p10.csproj", "{749AA44E-763B-4131-A726-A828E433CAA6}"
EndProject
Project("{FAE04EC0-301F-11D3-BF4B-00C04F79EFBC}") = "p11", "p11\p11.csproj", "{ED8E5A79-F063-4C5B-9160-300D862B6FEC}"
EndProject
Project("{FAE04EC0-301F-11D3-BF4B-00C04F79EFBC}") = "p12", "p12\p12.csproj", "{9295123F-3D4E-4134-8E30-D8DA23DE1C1A}"
EndProject
Project("{FAE04EC0-301F-11D3-BF4B-00C04F79EFBC}") = "p13", "p13\p13.csproj", "{CC84A39B-7092-46AD-8438-520A161A87B0}"
EndProject
Project("{FAE04EC0-301F-11D3-BF4B-00C04F79EFBC}") = "p14", "p14\p14.csproj", "{949610DC-03ED-4132-87D8-03EEF4034F22}"
EndProject
Project("{FAE04EC0-301F-11D3-BF4B-00C04F79EFBC}") = "p15,16", "p15,16\p15,16.csproj", "{38E7E758-81A7-41C1-B871-A7F6E96DFA9B}"
EndProject
Project("{FAE04EC0-301F-11D3-BF4B-00C04F79EFBC}") = "p17", "p17\p17.csproj", "{1896CD51-C793-4872-923D-88CC234D585C}"
EndProject
Project("{FAE04EC0-301F-11D3-BF4B-00C04F79EFBC}") = "p18", "p18\p18.csproj", "{542F4C6F-CE34-4D15-B26A-58F9317C6B5C}"
EndProject
Project("{FAE04EC0-301F-11D3-BF4B-00C04F79EFBC}") = "p19", "p19\p19.csproj", "{0D795F2E-06F2-4812-BEFC-323F146BD269}"
EndProject
Project("{FAE04EC0-301F-11D3-BF4B-00C04F79EFBC}") = "p20", "p20\p20.csproj", "{E540BBA7-321D-4480-BC90-345D826E4BA0}"
EndProject
Global
	GlobalSection(SolutionConfigurationPlatforms) = preSolution
		Debug|x86 = Debug|x86
		Release|x86 = Release|x86
	EndGlobalSection
	GlobalSection(ProjectConfigurationPlatforms) = postSolution
		{0D795F2E-06F2-4812-BEFC-323F146BD269}.Debug|x86.ActiveCfg = Debug|x86
		{0D795F2E-06F2-4812-BEFC-323F146BD269}.Debug|x86.Build.0 = Debug|x86
		{0D795F2E-06F2-4812-BEFC-323F146BD269}.Release|x86.ActiveCfg = Release|x86
		{0D795F2E-06F2-4812-BEFC-323F146BD269}.Release|x86.Build.0 = Release|x86
		{1896CD51-C793-4872-923D-88CC234D585C}.Debug|x86.ActiveCfg = Debug|x86
		{1896CD51-C793-4872-923D-88CC234D585C}.Debug|x86.Build.0 = Debug|x86
		{1896CD51-C793-4872-923D-88CC234D585C}.Release|x86.ActiveCfg = Release|x86
		{1896CD51-C793-4872-923D-88CC234D585C}.Release|x86.Build.0 = Release|x86
		{2AD62114-0773-4AC9-BCCD-0F644BADE0F6}.Debug|x86.ActiveCfg = Debug|x86
		{2AD62114-0773-4AC9-BCCD-0F644BADE0F6}.Debug|x86.Build.0 = Debug|x86
		{2AD62114-0773-4AC9-BCCD-0F644BADE0F6}.Release|x86.ActiveCfg = Release|x86
		{2AD62114-0773-4AC9-BCCD-0F644BADE0F6}.Release|x86.Build.0 = Release|x86
		{33C409CB-1B1D-4CAD-B7CE-AC33B9CBF00F}.Debug|x86.ActiveCfg = Debug|x86
		{33C409CB-1B1D-4CAD-B7CE-AC33B9CBF00F}.Debug|x86.Build.0 = Debug|x86
		{33C409CB-1B1D-4CAD-B7CE-AC33B9CBF00F}.Release|x86.ActiveCfg = Release|x86
		{33C409CB-1B1D-4CAD-B7CE-AC33B9CBF00F}.Release|x86.Build.0 = Release|x86
		{38E7E758-81A7-41C1-B871-A7F6E96DFA9B}.Debug|x86.ActiveCfg = Debug|x86
		{38E7E758-81A7-41C1-B871-A7F6E96DFA9B}.Debug|x86.Build.0 = Debug|x86
		{38E7E758-81A7-41C1-B871-A7F6E96DFA9B}.Release|x86.ActiveCfg = Release|x86
		{38E7E758-81A7-41C1-B871-A7F6E96DFA9B}.Release|x86.Build.0 = Release|x86
		{542F4C6F-CE34-4D15-B26A-58F9317C6B5C}.Debug|x86.ActiveCfg = Debug|x86
		{542F4C6F-CE34-4D15-B26A-58F9317C6B5C}.Debug|x86.Build.0 = Debug|x86
		{542F4C6F-CE34-4D15-B26A-58F9317C6B5C}.Release|x86.ActiveCfg = Release|x86
		{542F4C6F-CE34-4D15-B26A-58F9317C6B5C}.Release|x86.Build.0 = Release|x86
		{749AA44E-763B-4131-A726-A828E433CAA6}.Debug|x86.ActiveCfg = Debug|x86
		{749AA44E-763B-4131-A726-A828E433CAA6}.Debug|x86.Build.0 = Debug|x86
		{749AA44E-763B-4131-A726-A828E433CAA6}.Release|x86.ActiveCfg = Release|x86
		{749AA44E-763B-4131-A726-A828E433CAA6}.Release|x86.Build.0 = Release|x86
		{9295123F-3D4E-4134-8E30-D8DA23DE1C1A}.Debug|x86.ActiveCfg = Debug|x86
		{9295123F-3D4E-4134-8E30-D8DA23DE1C1A}.Debug|x86.Build.0 = Debug|x86
		{9295123F-3D4E-4134-8E30-D8DA23DE1C1A}.Release|x86.ActiveCfg = Release|x86
		{9295123F-3D4E-4134-8E30-D8DA23DE1C1A}.Release|x86.Build.0 = Release|x86
		{949610DC-03ED-4132-87D8-03EEF4034F22}.Debug|x86.ActiveCfg = Debug|x86
		{949610DC-03ED-4132-87D8-03EEF4034F22}.Debug|x86.Build.0 = Debug|x86
		{949610DC-03ED-4132-87D8-03EEF4034F22}.Release|x86.ActiveCfg = Release|x86
		{949610DC-03ED-4132-87D8-03EEF4034F22}.Release|x86.Build.0 = Release|x86
		{B7067F68-F73E-4920-8607-CAFB6D3F86DB}.Debug|x86.ActiveCfg = Debug|x86
		{B7067F68-F73E-4920-8607-CAFB6D3F86DB}.Debug|x86.Build.0 = Debug|x86
		{B7067F68-F73E-4920-8607-CAFB6D3F86DB}.Release|x86.ActiveCfg = Release|x86
		{B7067F68-F73E-4920-8607-CAFB6D3F86DB}.Release|x86.Build.0 = Release|x86
		{C50FF28C-AD63-4094-A86C-C5F0CF98F548}.Debug|x86.ActiveCfg = Debug|x86
		{C50FF28C-AD63-4094-A86C-C5F0CF98F548}.Debug|x86.Build.0 = Debug|x86
		{C50FF28C-AD63-4094-A86C-C5F0CF98F548}.Release|x86.ActiveCfg = Release|x86
		{C50FF28C-AD63-4094-A86C-C5F0CF98F548}.Release|x86.Build.0 = Release|x86
		{CC84A39B-7092-46AD-8438-520A161A87B0}.Debug|x86.ActiveCfg = Debug|x86
		{CC84A39B-7092-46AD-8438-520A161A87B0}.Debug|x86.Build.0 = Debug|x86
		{CC84A39B-7092-46AD-8438-520A161A87B0}.Release|x86.ActiveCfg = Release|x86
		{CC84A39B-7092-46AD-8438-520A161A87B0}.Release|x86.Build.0 = Release|x86
		{E540BBA7-321D-4480-BC90-345D826E4BA0}.Debug|x86.ActiveCfg = Debug|x86
		{E540BBA7-321D-4480-BC90-345D826E4BA0}.Debug|x86.Build.0 = Debug|x86
		{E540BBA7-321D-4480-BC90-345D826E4BA0}.Release|x86.ActiveCfg = Release|x86
		{E540BBA7-321D-4480-BC90-345D826E4BA0}.Release|x86.Build.0 = Release|x86
		{ED8E5A79-F063-4C5B-9160-300D862B6FEC}.Debug|x86.ActiveCfg = Debug|x86
		{ED8E5A79-F063-4C5B-9160-300D862B6FEC}.Debug|x86.Build.0 = Debug|x86
		{ED8E5A79-F063-4C5B-9160-300D862B6FEC}.Release|x86.ActiveCfg = Release|x86
		{ED8E5A79-F063-4C5B-9160-300D862B6FEC}.Release|x86.Build.0 = Release|x86
	EndGlobalSection
	GlobalSection(MonoDevelopProperties) = preSolution
		StartupItem = p20\p20.csproj
	EndGlobalSection
EndGlobal
